
Microsoft Visual Studio Solution File, Format Version 12.00
Project("{FAE04EC0-301F-11D3-BF4B-00C04F79EFBC}") = "Visitor", "Visitor\Visitor.csproj", "{4E8D9AE1-CAA5-48EA-87C5-C243EE4F54BF}"
EndProject
Global
	GlobalSection(SolutionConfigurationPlatforms) = preSolution
		Debug|Any CPU = Debug|Any CPU
		Release|Any CPU = Release|Any CPU
	EndGlobalSection
	GlobalSection(ProjectConfigurationPlatforms) = postSolution
		{4E8D9AE1-CAA5-48EA-87C5-C243EE4F54BF}.Debug|Any CPU.ActiveCfg = Debug|Any CPU
		{4E8D9AE1-CAA5-48EA-87C5-C243EE4F54BF}.Debug|Any CPU.Build.0 = Debug|Any CPU
		{4E8D9AE1-CAA5-48EA-87C5-C243EE4F54BF}.Release|Any CPU.ActiveCfg = Release|Any CPU
		{4E8D9AE1-CAA5-48EA-87C5-C243EE4F54BF}.Release|Any CPU.Build.0 = Release|Any CPU
	EndGlobalSection
EndGlobal
